Microsoft Visual Studio Solution File, Format Version 12.00
# Visual Studio Version 16
VisualStudioVersion = 16.0.31605.320
MinimumVisualStudioVersion = 10.0.40219.1
Project("{2150E333-8FDC-42A3-9474-1A3956D46DE8}") = "Api", "Api", "{D56BB439-D673-4003-BCB9-B57A1502C6D8}"
EndProject
Project("{9A19103F-16F7-4668-BE54-9A1E7A4F7556}") = "UpSkill.Api", "Api\UpSkill.Api.csproj", "{FB94610B-E535-4233-89C6-EC09D97B188D}"
EndProject
Project("{2150E333-8FDC-42A3-9474-1A3956D46DE8}") = "ClientSide", "ClientSide", "{20E02EC3-1941-4E9D-92E3-D533C588342B}"
EndProject
Project("{9A19103F-16F7-4668-BE54-9A1E7A4F7556}") = "UpSkill.ClientSide", "ClientSide\UpSkill.ClientSide.csproj", "{4E199DF6-C633-46A4-A6AA-DD99D90642B4}"
EndProject
Project("{2150E333-8FDC-42A3-9474-1A3956D46DE8}") = "Data", "Data", "{B0817CF1-C6F6-4B27-8F26-FBCF8D96DE07}"
EndProject
Project("{9A19103F-16F7-4668-BE54-9A1E7A4F7556}") = "UpSkill.Data", "Data\UpSkill.Data.csproj", "{89E740E1-329E-423C-83AE-CE76C0732061}"
EndProject
Project("{2150E333-8FDC-42A3-9474-1A3956D46DE8}") = "Infrastructure", "Infrastructure", "{DC00FE06-AAF5-43E0-A1A8-ADB7C96E285B}"
EndProject
Project("{2150E333-8FDC-42A3-9474-1A3956D46DE8}") = "Services", "Services", "{09E076EB-56AC-4C2A-885F-30014CC3A2C8}"
EndProject
Project("{9A19103F-16F7-4668-BE54-9A1E7A4F7556}") = "UpSkill.Services.Data", "Services\UpSkill.Services.Data\UpSkill.Services.Data.csproj", "{06EFA89E-31D9-4C1D-9F5B-7E34210D630D}"
EndProject
Project("{2150E333-8FDC-42A3-9474-1A3956D46DE8}") = "Tests", "Tests", "{1648472B-FACF-4D87-B735-0C6AB69AC721}"
EndProject
Project("{9A19103F-16F7-4668-BE54-9A1E7A4F7556}") = "UpSkil.Tests.Integration", "Tests\UpSkil.Tests.Integration\UpSkil.Tests.Integration.csproj", "{222F452D-A1FE-4D3E-861E-3A24BAAE4FE7}"
EndProject
Project("{9A19103F-16F7-4668-BE54-9A1E7A4F7556}") = "UpSkill.Infrastructure.Models", "Infrastructure\UpSkill.Infrastructure.Models\UpSkill.Infrastructure.Models.csproj", "{7AAB3A85-C340-417B-B517-F20E3492F9C4}"
EndProject
Project("{2150E333-8FDC-42A3-9474-1A3956D46DE8}") = "Solution Items", "Solution Items", "{16A096FF-A212-4D85-B4A7-4C6C21DBBAB1}"
	ProjectSection(SolutionItems) = preProject
		.editorconfig = .editorconfig
	EndProjectSection
EndProject
Project("{FAE04EC0-301F-11D3-BF4B-00C04F79EFBC}") = "UpSkill.Infrastructure.Common", "UpSkill.Infrastructure.Common\UpSkill.Infrastructure.Common.csproj", "{6215C2D8-8BEA-40A2-9EA9-4B504423CB45}"
EndProject
Global
	GlobalSection(SolutionConfigurationPlatforms) = preSolution
		Debug|Any CPU = Debug|Any CPU
		Release|Any CPU = Release|Any CPU
	EndGlobalSection
	GlobalSection(ProjectConfigurationPlatforms) = postSolution
		{FB94610B-E535-4233-89C6-EC09D97B188D}.Debug|Any CPU.ActiveCfg = Debug|Any CPU
		{FB94610B-E535-4233-89C6-EC09D97B188D}.Debug|Any CPU.Build.0 = Debug|Any CPU
		{FB94610B-E535-4233-89C6-EC09D97B188D}.Release|Any CPU.ActiveCfg = Release|Any CPU
		{FB94610B-E535-4233-89C6-EC09D97B188D}.Release|Any CPU.Build.0 = Release|Any CPU
		{4E199DF6-C633-46A4-A6AA-DD99D90642B4}.Debug|Any CPU.ActiveCfg = Debug|Any CPU
		{4E199DF6-C633-46A4-A6AA-DD99D90642B4}.Debug|Any CPU.Build.0 = Debug|Any CPU
		{4E199DF6-C633-46A4-A6AA-DD99D90642B4}.Release|Any CPU.ActiveCfg = Release|Any CPU
		{4E199DF6-C633-46A4-A6AA-DD99D90642B4}.Release|Any CPU.Build.0 = Release|Any CPU
		{89E740E1-329E-423C-83AE-CE76C0732061}.Debug|Any CPU.ActiveCfg = Debug|Any CPU
		{89E740E1-329E-423C-83AE-CE76C0732061}.Debug|Any CPU.Build.0 = Debug|Any CPU
		{89E740E1-329E-423C-83AE-CE76C0732061}.Release|Any CPU.ActiveCfg = Release|Any CPU
		{89E740E1-329E-423C-83AE-CE76C0732061}.Release|Any CPU.Build.0 = Release|Any CPU
		{06EFA89E-31D9-4C1D-9F5B-7E34210D630D}.Debug|Any CPU.ActiveCfg = Debug|Any CPU
		{06EFA89E-31D9-4C1D-9F5B-7E34210D630D}.Debug|Any CPU.Build.0 = Debug|Any CPU
		{06EFA89E-31D9-4C1D-9F5B-7E34210D630D}.Release|Any CPU.ActiveCfg = Release|Any CPU
		{06EFA89E-31D9-4C1D-9F5B-7E34210D630D}.Release|Any CPU.Build.0 = Release|Any CPU
		{222F452D-A1FE-4D3E-861E-3A24BAAE4FE7}.Debug|Any CPU.ActiveCfg = Debug|Any CPU
		{222F452D-A1FE-4D3E-861E-3A24BAAE4FE7}.Debug|Any CPU.Build.0 = Debug|Any CPU
		{222F452D-A1FE-4D3E-861E-3A24BAAE4FE7}.Release|Any CPU.ActiveCfg = Release|Any CPU
		{222F452D-A1FE-4D3E-861E-3A24BAAE4FE7}.Release|Any CPU.Build.0 = Release|Any CPU
		{7AAB3A85-C340-417B-B517-F20E3492F9C4}.Debug|Any CPU.ActiveCfg = Debug|Any CPU
		{7AAB3A85-C340-417B-B517-F20E3492F9C4}.Debug|Any CPU.Build.0 = Debug|Any CPU
		{7AAB3A85-C340-417B-B517-F20E3492F9C4}.Release|Any CPU.ActiveCfg = Release|Any CPU
		{7AAB3A85-C340-417B-B517-F20E3492F9C4}.Release|Any CPU.Build.0 = Release|Any CPU
		{6215C2D8-8BEA-40A2-9EA9-4B504423CB45}.Debug|Any CPU.ActiveCfg = Debug|Any CPU
		{6215C2D8-8BEA-40A2-9EA9-4B504423CB45}.Debug|Any CPU.Build.0 = Debug|Any CPU
		{6215C2D8-8BEA-40A2-9EA9-4B504423CB45}.Release|Any CPU.ActiveCfg = Release|Any CPU
		{6215C2D8-8BEA-40A2-9EA9-4B504423CB45}.Release|Any CPU.Build.0 = Release|Any CPU
	EndGlobalSection
	GlobalSection(SolutionProperties) = preSolution
		HideSolutionNode = FALSE
	EndGlobalSection
	GlobalSection(NestedProjects) = preSolution
		{FB94610B-E535-4233-89C6-EC09D97B188D} = {D56BB439-D673-4003-BCB9-B57A1502C6D8}
		{4E199DF6-C633-46A4-A6AA-DD99D90642B4} = {20E02EC3-1941-4E9D-92E3-D533C588342B}
		{89E740E1-329E-423C-83AE-CE76C0732061} = {B0817CF1-C6F6-4B27-8F26-FBCF8D96DE07}
		{06EFA89E-31D9-4C1D-9F5B-7E34210D630D} = {09E076EB-56AC-4C2A-885F-30014CC3A2C8}
		{222F452D-A1FE-4D3E-861E-3A24BAAE4FE7} = {1648472B-FACF-4D87-B735-0C6AB69AC721}
		{7AAB3A85-C340-417B-B517-F20E3492F9C4} = {DC00FE06-AAF5-43E0-A1A8-ADB7C96E285B}
		{6215C2D8-8BEA-40A2-9EA9-4B504423CB45} = {DC00FE06-AAF5-43E0-A1A8-ADB7C96E285B}
	EndGlobalSection
	GlobalSection(ExtensibilityGlobals) = postSolution
		SolutionGuid = {85C41334-C3B3-4503-B250-98AF3EE6014D}
	EndGlobalSection
EndGlobal
