
Microsoft Visual Studio Solution File, Format Version 12.00
# Visual Studio Version 16
VisualStudioVersion = 16.0.31605.320
MinimumVisualStudioVersion = 10.0.40219.1
Project("{2150E333-8FDC-42A3-9474-1A3956D46DE8}") = "ClientSide", "ClientSide", "{B4A7D61E-6794-4238-8858-52792815E950}"
EndProject
Project("{9A19103F-16F7-4668-BE54-9A1E7A4F7556}") = "UpSkill.ClientSide", "ClientSide\UpSkill.ClientSide\UpSkill.ClientSide.csproj", "{3375574F-D37A-4795-8909-951783FD7151}"
EndProject
Project("{2150E333-8FDC-42A3-9474-1A3956D46DE8}") = "Tests", "Tests", "{E28F9BBE-4E4B-424A-AC17-6F31CFD695E1}"
EndProject
Project("{FAE04EC0-301F-11D3-BF4B-00C04F79EFBC}") = "UpSkill_App.IntegrationTests", "UpSkill_App.IntegrationTests\UpSkill_App.IntegrationTests.csproj", "{AE6E5975-3E64-4176-9D03-F16C4F4B2FE2}"
EndProject
Global
	GlobalSection(SolutionConfigurationPlatforms) = preSolution
		Debug|Any CPU = Debug|Any CPU
		Release|Any CPU = Release|Any CPU
	EndGlobalSection
	GlobalSection(ProjectConfigurationPlatforms) = postSolution
		{3375574F-D37A-4795-8909-951783FD7151}.Debug|Any CPU.ActiveCfg = Debug|Any CPU
		{3375574F-D37A-4795-8909-951783FD7151}.Debug|Any CPU.Build.0 = Debug|Any CPU
		{3375574F-D37A-4795-8909-951783FD7151}.Release|Any CPU.ActiveCfg = Release|Any CPU
		{3375574F-D37A-4795-8909-951783FD7151}.Release|Any CPU.Build.0 = Release|Any CPU
		{AE6E5975-3E64-4176-9D03-F16C4F4B2FE2}.Debug|Any CPU.ActiveCfg = Debug|Any CPU
		{AE6E5975-3E64-4176-9D03-F16C4F4B2FE2}.Debug|Any CPU.Build.0 = Debug|Any CPU
		{AE6E5975-3E64-4176-9D03-F16C4F4B2FE2}.Release|Any CPU.ActiveCfg = Release|Any CPU
		{AE6E5975-3E64-4176-9D03-F16C4F4B2FE2}.Release|Any CPU.Build.0 = Release|Any CPU
	EndGlobalSection
	GlobalSection(SolutionProperties) = preSolution
		HideSolutionNode = FALSE
	EndGlobalSection
	GlobalSection(NestedProjects) = preSolution
		{3375574F-D37A-4795-8909-951783FD7151} = {B4A7D61E-6794-4238-8858-52792815E950}
		{AE6E5975-3E64-4176-9D03-F16C4F4B2FE2} = {E28F9BBE-4E4B-424A-AC17-6F31CFD695E1}
	EndGlobalSection
	GlobalSection(ExtensibilityGlobals) = postSolution
		SolutionGuid = {85C41334-C3B3-4503-B250-98AF3EE6014D}
	EndGlobalSection
EndGlobal
