
Microsoft Visual Studio Solution File, Format Version 12.00
# Visual Studio Version 16
VisualStudioVersion = 16.0.31605.320
MinimumVisualStudioVersion = 10.0.40219.1
Project("{2150E333-8FDC-42A3-9474-1A3956D46DE8}") = "ClientSide", "ClientSide", "{B4A7D61E-6794-4238-8858-52792815E950}"
EndProject
Project("{9A19103F-16F7-4668-BE54-9A1E7A4F7556}") = "UpSkill.ClientSide", "ClientSide\UpSkill.ClientSide\UpSkill.ClientSide.csproj", "{3375574F-D37A-4795-8909-951783FD7151}"
	ProjectSection(ProjectDependencies) = postProject
		{F4C5D70F-F9A7-42B4-B543-3A44896A2846} = {F4C5D70F-F9A7-42B4-B543-3A44896A2846}
		{8BF27BB7-7D7F-487E-B030-A59B65F096BD} = {8BF27BB7-7D7F-487E-B030-A59B65F096BD}
	EndProjectSection
EndProject
Project("{2150E333-8FDC-42A3-9474-1A3956D46DE8}") = "BusinessLogic", "BusinessLogic", "{0E3549DB-157F-4E72-A5E3-5CC63EE97277}"
EndProject
Project("{9A19103F-16F7-4668-BE54-9A1E7A4F7556}") = "UpSkill.Core", "UpSkill.Core\UpSkill.Core.csproj", "{F4C5D70F-F9A7-42B4-B543-3A44896A2846}"
EndProject
Project("{9A19103F-16F7-4668-BE54-9A1E7A4F7556}") = "UpSkill.Infrastructure", "UpSkill.Infrastructure\UpSkill.Infrastructure.csproj", "{8BF27BB7-7D7F-487E-B030-A59B65F096BD}"
EndProject
Project("{FAE04EC0-301F-11D3-BF4B-00C04F79EFBC}") = "UpSkill_App.IntegrationTests", "UpSkill_App.IntegrationTests\UpSkill_App.IntegrationTests.csproj", "{69299A49-292B-4CEA-8E74-2A5FF120D228}"
EndProject
Global
	GlobalSection(SolutionConfigurationPlatforms) = preSolution
		Debug|Any CPU = Debug|Any CPU
		Release|Any CPU = Release|Any CPU
	EndGlobalSection
	GlobalSection(ProjectConfigurationPlatforms) = postSolution
		{3375574F-D37A-4795-8909-951783FD7151}.Debug|Any CPU.ActiveCfg = Debug|Any CPU
		{3375574F-D37A-4795-8909-951783FD7151}.Debug|Any CPU.Build.0 = Debug|Any CPU
		{3375574F-D37A-4795-8909-951783FD7151}.Release|Any CPU.ActiveCfg = Release|Any CPU
		{3375574F-D37A-4795-8909-951783FD7151}.Release|Any CPU.Build.0 = Release|Any CPU
		{F4C5D70F-F9A7-42B4-B543-3A44896A2846}.Debug|Any CPU.ActiveCfg = Debug|Any CPU
		{F4C5D70F-F9A7-42B4-B543-3A44896A2846}.Debug|Any CPU.Build.0 = Debug|Any CPU
		{F4C5D70F-F9A7-42B4-B543-3A44896A2846}.Release|Any CPU.ActiveCfg = Release|Any CPU
		{F4C5D70F-F9A7-42B4-B543-3A44896A2846}.Release|Any CPU.Build.0 = Release|Any CPU
		{8BF27BB7-7D7F-487E-B030-A59B65F096BD}.Debug|Any CPU.ActiveCfg = Debug|Any CPU
		{8BF27BB7-7D7F-487E-B030-A59B65F096BD}.Debug|Any CPU.Build.0 = Debug|Any CPU
		{8BF27BB7-7D7F-487E-B030-A59B65F096BD}.Release|Any CPU.ActiveCfg = Release|Any CPU
		{8BF27BB7-7D7F-487E-B030-A59B65F096BD}.Release|Any CPU.Build.0 = Release|Any CPU
		{69299A49-292B-4CEA-8E74-2A5FF120D228}.Debug|Any CPU.ActiveCfg = Debug|Any CPU
		{69299A49-292B-4CEA-8E74-2A5FF120D228}.Debug|Any CPU.Build.0 = Debug|Any CPU
		{69299A49-292B-4CEA-8E74-2A5FF120D228}.Release|Any CPU.ActiveCfg = Release|Any CPU
		{69299A49-292B-4CEA-8E74-2A5FF120D228}.Release|Any CPU.Build.0 = Release|Any CPU
	EndGlobalSection
	GlobalSection(SolutionProperties) = preSolution
		HideSolutionNode = FALSE
	EndGlobalSection
	GlobalSection(NestedProjects) = preSolution
		{3375574F-D37A-4795-8909-951783FD7151} = {B4A7D61E-6794-4238-8858-52792815E950}
	EndGlobalSection
	GlobalSection(ExtensibilityGlobals) = postSolution
		SolutionGuid = {85C41334-C3B3-4503-B250-98AF3EE6014D}
	EndGlobalSection
EndGlobal
